{
  "name": "distributed_ether_farm-main",
  "lockfileVersion": 2,
  "requires": true,
  "packages": {
    "": {
      "dependencies": {
        "@openzeppelin/contracts": "^4.0.0-rc.0"
      }
    },
    "node_modules/@openzeppelin/contracts": {
      "version": "4.0.0-rc.0",
      "resolved": "https://registry.npmjs.org/@openzeppelin/contracts/-/contracts-4.0.0-rc.0.tgz",
      "integrity": "sha512-206BCKet16fUrgYE2zP6L+wtMTbPjN3GmyqSJdRXeF0qw5MdUS0TIy/p3VHVX2+btSwslDyNrB70SN70RUDJQg=="
    }
  },
  "dependencies": {
    "@openzeppelin/contracts": {
      "version": "4.0.0-rc.0",
      "resolved": "https://registry.npmjs.org/@openzeppelin/contracts/-/contracts-4.0.0-rc.0.tgz",
      "integrity": "sha512-206BCKet16fUrgYE2zP6L+wtMTbPjN3GmyqSJdRXeF0qw5MdUS0TIy/p3VHVX2+btSwslDyNrB70SN70RUDJQg=="
    }
  }
}
